# Generated by pub
# See https://dart.dev/tools/pub/glossary#lockfile
packages:
  path:
    dependency: "direct main"
    description:
      name: path
      sha256: "75cca69d1490965be98c73ceaea117e8a04dd21217b37b292c9ddbec0d955bc5"
      url: "https://pub.dev"
    source: hosted
    version: "1.9.1"
  specodec:
    dependency: "direct main"
    description:
      path: "."
      ref: main
      resolved-ref: b9b15c534819c56f7e30fbf69b67adc95386eacd
      url: "http://10.199.64.20:30000/specodec/specodec-runtime-dart.git"
    source: git
    version: "1.0.0"
sdks:
  dart: ">=3.4.0 <4.0.0"
